// !$*UTF8*$!
{
	archiveVersion = 1;
	classes = {
	};
	objectVersion = 46;
	objects = {

/* Begin PBXBuildFile section */
		92ED3F5A190154200071D71D /* Foundation.framework in Frameworks */ = {isa = PBXBuildFile; fileRef = 92ED3F59190154200071D71D /* Foundation.framework */; };
		92ED3F5C190154200071D71D /* CoreGraphics.framework in Frameworks */ = {isa = PBXBuildFile; fileRef = 92ED3F5B190154200071D71D /* CoreGraphics.framework */; };
		92ED3F5E190154200071D71D /* UIKit.framework in Frameworks */ = {isa = PBXBuildFile; fileRef = 92ED3F5D190154200071D71D /* UIKit.framework */; };
		92ED3F64190154200071D71D /* InfoPlist.strings in Resources */ = {isa = PBXBuildFile; fileRef = 92ED3F62190154200071D71D /* InfoPlist.strings */; };
		92ED3F66190154200071D71D /* main.m in Sources */ = {isa = PBXBuildFile; fileRef = 92ED3F65190154200071D71D /* main.m */; };
		92ED3F6A190154200071D71D /* testAppDelegate.m in Sources */ = {isa = PBXBuildFile; fileRef = 92ED3F69190154200071D71D /* testAppDelegate.m */; };
		92ED3F6D190154200071D71D /* Main.storyboard in Resources */ = {isa = PBXBuildFile; fileRef = 92ED3F6B190154200071D71D /* Main.storyboard */; };
		92ED3F70190154200071D71D /* testViewController.m in Sources */ = {isa = PBXBuildFile; fileRef = 92ED3F6F190154200071D71D /* testViewController.m */; };
		92ED3F72190154200071D71D /* Images.xcassets in Resources */ = {isa = PBXBuildFile; fileRef = 92ED3F71190154200071D71D /* Images.xcassets */; };
		92ED3F79190154200071D71D /* XCTest.framework in Frameworks */ = {isa = PBXBuildFile; fileRef = 92ED3F78190154200071D71D /* XCTest.framework */; };
		92ED3F7A190154200071D71D /* Foundation.framework in Frameworks */ = {isa = PBXBuildFile; fileRef = 92ED3F59190154200071D71D /* Foundation.framework */; };
		92ED3F7B190154200071D71D /* UIKit.framework in Frameworks */ = {isa = PBXBuildFile; fileRef = 92ED3F5D190154200071D71D /* UIKit.framework */; };
		92ED3F83190154200071D71D /* InfoPlist.strings in Resources */ = {isa = PBXBuildFile; fileRef = 92ED3F81190154200071D71D /* InfoPlist.strings */; };
		92ED3F85190154200071D71D /* TestAppTests.m in Sources */ = {isa = PBXBuildFile; fileRef = 92ED3F84190154200071D71D /* TestAppTests.m */; };
/* End PBXBuildFile section */

/* Begin PBXContainerItemProxy section */
		92ED3F7C190154200071D71D /* PBXContainerItemProxy */ = {
			isa = PBXContainerItemProxy;
			containerPortal = 92ED3F4E190154200071D71D /* Project object */;
			proxyType = 1;
			remoteGlobalIDString = 92ED3F55190154200071D71D;
			remoteInfo = TestApp;
		};
/* End PBXContainerItemProxy section */

/* Begin PBXFileReference section */
		92ED3F56190154200071D71D /* TestApp.app */ = {isa = PBXFileReference; explicitFileType = wrapper.application; includeInIndex = 0; path = TestApp.app; sourceTree = BUILT_PRODUCTS_DIR; };
		92ED3F59190154200071D71D /* Foundation.framework */ = {isa = PBXFileReference; lastKnownFileType = wrapper.framework; name = Foundation.framework; path = System/Library/Frameworks/Foundation.framework; sourceTree = SDKROOT; };
		92ED3F5B190154200071D71D /* CoreGraphics.framework */ = {isa = PBXFileReference; lastKnownFileType = wrapper.framework; name = CoreGraphics.framework; path = System/Library/Frameworks/CoreGraphics.framework; sourceTree = SDKROOT; };
		92ED3F5D190154200071D71D /* UIKit.framework */ = {isa = PBXFileReference; lastKnownFileType = wrapper.framework; name = UIKit.framework; path = System/Library/Frameworks/UIKit.framework; sourceTree = SDKROOT; };
		92ED3F61190154200071D71D /* TestApp-Info.plist */ = {isa = PBXFileReference; lastKnownFileType = text.plist.xml; path = "TestApp-Info.plist"; sourceTree = "<group>"; };
		92ED3F63190154200071D71D /* en */ = {isa = PBXFileReference; lastKnownFileType = text.plist.strings; name = en; path = en.lproj/InfoPlist.strings; sourceTree = "<group>"; };
		92ED3F65190154200071D71D /* main.m */ = {isa = PBXFileReference; lastKnownFileType = sourcecode.c.objc; path = main.m; sourceTree = "<group>"; };
		92ED3F67190154200071D71D /* TestApp-Prefix.pch */ = {isa = PBXFileReference; lastKnownFileType = sourcecode.c.h; path = "TestApp-Prefix.pch"; sourceTree = "<group>"; };
		92ED3F68190154200071D71D /* testAppDelegate.h */ = {isa = PBXFileReference; lastKnownFileType = sourcecode.c.h; path = testAppDelegate.h; sourceTree = "<group>"; };
		92ED3F69190154200071D71D /* testAppDelegate.m */ = {isa = PBXFileReference; lastKnownFileType = sourcecode.c.objc; path = testAppDelegate.m; sourceTree = "<group>"; };
		92ED3F6C190154200071D71D /* Base */ = {isa = PBXFileReference; lastKnownFileType = file.storyboard; name = Base; path = Base.lproj/Main.storyboard; sourceTree = "<group>"; };
		92ED3F6E190154200071D71D /* testViewController.h */ = {isa = PBXFileReference; lastKnownFileType = sourcecode.c.h; path = testViewController.h; sourceTree = "<group>"; };
		92ED3F6F190154200071D71D /* testViewController.m */ = {isa = PBXFileReference; lastKnownFileType = sourcecode.c.objc; path = testViewController.m; sourceTree = "<group>"; };
		92ED3F71190154200071D71D /* Images.xcassets */ = {isa = PBXFileReference; lastKnownFileType = folder.assetcatalog; path = Images.xcassets; sourceTree = "<group>"; };
		92ED3F77190154200071D71D /* TestAppTests.xctest */ = {isa = PBXFileReference; explicitFileType = wrapper.cfbundle; includeInIndex = 0; path = TestAppTests.xctest; sourceTree = BUILT_PRODUCTS_DIR; };
		92ED3F78190154200071D71D /* XCTest.framework */ = {isa = PBXFileReference; lastKnownFileType = wrapper.framework; name = XCTest.framework; path = Library/Frameworks/XCTest.framework; sourceTree = DEVELOPER_DIR; };
		92ED3F80190154200071D71D /* TestAppTests-Info.plist */ = {isa = PBXFileReference; lastKnownFileType = text.plist.xml; path = "TestAppTests-Info.plist"; sourceTree = "<group>"; };
		92ED3F82190154200071D71D /* en */ = {isa = PBXFileReference; lastKnownFileType = text.plist.strings; name = en; path = en.lproj/InfoPlist.strings; sourceTree = "<group>"; };
		92ED3F84190154200071D71D /* TestAppTests.m */ = {isa = PBXFileReference; lastKnownFileType = sourcecode.c.objc; path = TestAppTests.m; sourceTree = "<group>"; };
/* End PBXFileReference section */

/* Begin PBXFrameworksBuildPhase section */
		92ED3F53190154200071D71D /* Frameworks */ = {
			isa = PBXFrameworksBuildPhase;
			buildActionMask = 2147483647;
			files = (
				92ED3F5C190154200071D71D /* CoreGraphics.framework in Frameworks */,
				92ED3F5E190154200071D71D /* UIKit.framework in Frameworks */,
				92ED3F5A190154200071D71D /* Foundation.framework in Frameworks */,
			);
			runOnlyForDeploymentPostprocessing = 0;
		};
		92ED3F74190154200071D71D /* Frameworks */ = {
			isa = PBXFrameworksBuildPhase;
			buildActionMask = 2147483647;
			files = (
				92ED3F79190154200071D71D /* XCTest.framework in Frameworks */,
				92ED3F7B190154200071D71D /* UIKit.framework in Frameworks */,
				92ED3F7A190154200071D71D /* Foundation.framework in Frameworks */,
			);
			runOnlyForDeploymentPostprocessing = 0;
		};
/* End PBXFrameworksBuildPhase section */

/* Begin PBXGroup section */
		92ED3F4D190154200071D71D = {
			isa = PBXGroup;
			children = (
				92ED3F5F190154200071D71D /* TestApp */,
				92ED3F7E190154200071D71D /* TestAppTests */,
				92ED3F58190154200071D71D /* Frameworks */,
				92ED3F57190154200071D71D /* Products */,
			);
			sourceTree = "<group>";
		};
		92ED3F57190154200071D71D /* Products */ = {
			isa = PBXGroup;
			children = (
				92ED3F56190154200071D71D /* TestApp.app */,
				92ED3F77190154200071D71D /* TestAppTests.xctest */,
			);
			name = Products;
			sourceTree = "<group>";
		};
		92ED3F58190154200071D71D /* Frameworks */ = {
			isa = PBXGroup;
			children = (
				92ED3F59190154200071D71D /* Foundation.framework */,
				92ED3F5B190154200071D71D /* CoreGraphics.framework */,
				92ED3F5D190154200071D71D /* UIKit.framework */,
				92ED3F78190154200071D71D /* XCTest.framework */,
			);
			name = Frameworks;
			sourceTree = "<group>";
		};
		92ED3F5F190154200071D71D /* TestApp */ = {
			isa = PBXGroup;
			children = (
				92ED3F68190154200071D71D /* testAppDelegate.h */,
				92ED3F69190154200071D71D /* testAppDelegate.m */,
				92ED3F6B190154200071D71D /* Main.storyboard */,
				92ED3F6E190154200071D71D /* testViewController.h */,
				92ED3F6F190154200071D71D /* testViewController.m */,
				92ED3F71190154200071D71D /* Images.xcassets */,
				92ED3F60190154200071D71D /* Supporting Files */,
			);
			path = TestApp;
			sourceTree = "<group>";
		};
		92ED3F60190154200071D71D /* Supporting Files */ = {
			isa = PBXGroup;
			children = (
				92ED3F61190154200071D71D /* TestApp-Info.plist */,
				92ED3F62190154200071D71D /* InfoPlist.strings */,
				92ED3F65190154200071D71D /* main.m */,
				92ED3F67190154200071D71D /* TestApp-Prefix.pch */,
			);
			name = "Supporting Files";
			sourceTree = "<group>";
		};
		92ED3F7E190154200071D71D /* TestAppTests */ = {
			isa = PBXGroup;
			children = (
				92ED3F84190154200071D71D /* TestAppTests.m */,
				92ED3F7F190154200071D71D /* Supporting Files */,
			);
			path = TestAppTests;
			sourceTree = "<group>";
		};
		92ED3F7F190154200071D71D /* Supporting Files */ = {
			isa = PBXGroup;
			children = (
				92ED3F80190154200071D71D /* TestAppTests-Info.plist */,
				92ED3F81190154200071D71D /* InfoPlist.strings */,
			);
			name = "Supporting Files";
			sourceTree = "<group>";
		};
/* End PBXGroup section */

/* Begin PBXNativeTarget section */
		92ED3F55190154200071D71D /* TestApp */ = {
			isa = PBXNativeTarget;
			buildConfigurationList = 92ED3F88190154200071D71D /* Build configuration list for PBXNativeTarget "TestApp" */;
			buildPhases = (
				92ED3F52190154200071D71D /* Sources */,
				92ED3F53190154200071D71D /* Frameworks */,
				92ED3F54190154200071D71D /* Resources */,
			);
			buildRules = (
			);
			dependencies = (
			);
			name = TestApp;
			productName = TestApp;
			productReference = 92ED3F56190154200071D71D /* TestApp.app */;
			productType = "com.apple.product-type.application";
		};
		92ED3F76190154200071D71D /* TestAppTests */ = {
			isa = PBXNativeTarget;
			buildConfigurationList = 92ED3F8B190154200071D71D /* Build configuration list for PBXNativeTarget "TestAppTests" */;
			buildPhases = (
				92ED3F73190154200071D71D /* Sources */,
				92ED3F74190154200071D71D /* Frameworks */,
				92ED3F75190154200071D71D /* Resources */,
			);
			buildRules = (
			);
			dependencies = (
				92ED3F7D190154200071D71D /* PBXTargetDependency */,
			);
			name = TestAppTests;
			productName = TestAppTests;
			productReference = 92ED3F77190154200071D71D /* TestAppTests.xctest */;
			productType = "com.apple.product-type.bundle.unit-test";
		};
/* End PBXNativeTarget section */

/* Begin PBXProject section */
		92ED3F4E190154200071D71D /* Project object */ = {
			isa = PBXProject;
			attributes = {
				CLASSPREFIX = test;
				LastUpgradeCheck = 0510;
				ORGANIZATIONNAME = "Dhanesh Neela Mana";
				TargetAttributes = {
					92ED3F76190154200071D71D = {
						TestTargetID = 92ED3F55190154200071D71D;
					};
				};
			};
			buildConfigurationList = 92ED3F51190154200071D71D /* Build configuration list for PBXProject "TestApp" */;
			compatibilityVersion = "Xcode 3.2";
			developmentRegion = English;
			hasScannedForEncodings = 0;
			knownRegions = (
				en,
				Base,
			);
			mainGroup = 92ED3F4D190154200071D71D;
			productRefGroup = 92ED3F57190154200071D71D /* Products */;
			projectDirPath = "";
			projectRoot = "";
			targets = (
				92ED3F55190154200071D71D /* TestApp */,
				92ED3F76190154200071D71D /* TestAppTests */,
			);
		};
/* End PBXProject section */

/* Begin PBXResourcesBuildPhase section */
		92ED3F54190154200071D71D /* Resources */ = {
			isa = PBXResourcesBuildPhase;
			buildActionMask = 2147483647;
			files = (
				92ED3F72190154200071D71D /* Images.xcassets in Resources */,
				92ED3F64190154200071D71D /* InfoPlist.strings in Resources */,
				92ED3F6D190154200071D71D /* Main.storyboard in Resources */,
			);
			runOnlyForDeploymentPostprocessing = 0;
		};
		92ED3F75190154200071D71D /* Resources */ = {
			isa = PBXResourcesBuildPhase;
			buildActionMask = 2147483647;
			files = (
				92ED3F83190154200071D71D /* InfoPlist.strings in Resources */,
			);
			runOnlyForDeploymentPostprocessing = 0;
		};
/* End PBXResourcesBuildPhase section */

/* Begin PBXSourcesBuildPhase section */
		92ED3F52190154200071D71D /* Sources */ = {
			isa = PBXSourcesBuildPhase;
			buildActionMask = 2147483647;
			files = (
				92ED3F70190154200071D71D /* testViewController.m in Sources */,
				92ED3F6A190154200071D71D /* testAppDelegate.m in Sources */,
				92ED3F66190154200071D71D /* main.m in Sources */,
			);
			runOnlyForDeploymentPostprocessing = 0;
		};
		92ED3F73190154200071D71D /* Sources */ = {
			isa = PBXSourcesBuildPhase;
			buildActionMask = 2147483647;
			files = (
				92ED3F85190154200071D71D /* TestAppTests.m in Sources */,
			);
			runOnlyForDeploymentPostprocessing = 0;
		};
/* End PBXSourcesBuildPhase section */

/* Begin PBXTargetDependency section */
		92ED3F7D190154200071D71D /* PBXTargetDependency */ = {
			isa = PBXTargetDependency;
			target = 92ED3F55190154200071D71D /* TestApp */;
			targetProxy = 92ED3F7C190154200071D71D /* PBXContainerItemProxy */;
		};
/* End PBXTargetDependency section */

/* Begin PBXVariantGroup section */
		92ED3F62190154200071D71D /* InfoPlist.strings */ = {
			isa = PBXVariantGroup;
			children = (
				92ED3F63190154200071D71D /* en */,
			);
			name = InfoPlist.strings;
			sourceTree = "<group>";
		};
		92ED3F6B190154200071D71D /* Main.storyboard */ = {
			isa = PBXVariantGroup;
			children = (
				92ED3F6C190154200071D71D /* Base */,
			);
			name = Main.storyboard;
			sourceTree = "<group>";
		};
		92ED3F81190154200071D71D /* InfoPlist.strings */ = {
			isa = PBXVariantGroup;
			children = (
				92ED3F82190154200071D71D /* en */,
			);
			name = InfoPlist.strings;
			sourceTree = "<group>";
		};
/* End PBXVariantGroup section */

/* Begin XCBuildConfiguration section */
		92ED3F86190154200071D71D /* Debug */ = {
			isa = XCBuildConfiguration;
			buildSettings = {
				ALWAYS_SEARCH_USER_PATHS = NO;
				CLANG_CXX_LANGUAGE_STANDARD = "gnu++0x";
				CLANG_CXX_LIBRARY = "libc++";
				CLANG_ENABLE_MODULES = YES;
				CLANG_ENABLE_OBJC_ARC = YES;
				CLANG_WARN_BOOL_CONVERSION = YES;
				CLANG_WARN_CONSTANT_CONVERSION = YES;
				CLANG_WARN_DIRECT_OBJC_ISA_USAGE = YES_ERROR;
				CLANG_WARN_EMPTY_BODY = YES;
				CLANG_WARN_ENUM_CONVERSION = YES;
				CLANG_WARN_INT_CONVERSION = YES;
				CLANG_WARN_OBJC_ROOT_CLASS = YES_ERROR;
				CLANG_WARN__DUPLICATE_METHOD_MATCH = YES;
				"CODE_SIGN_IDENTITY[sdk=iphoneos*]" = "iPhone Developer";
				COPY_PHASE_STRIP = NO;
				GCC_C_LANGUAGE_STANDARD = gnu99;
				GCC_DYNAMIC_NO_PIC = NO;
				GCC_OPTIMIZATION_LEVEL = 0;
				GCC_PREPROCESSOR_DEFINITIONS = (
					"DEBUG=1",
					"$(inherited)",
				);
				GCC_SYMBOLS_PRIVATE_EXTERN = NO;
				GCC_WARN_64_TO_32_BIT_CONVERSION = YES;
				GCC_WARN_ABOUT_RETURN_TYPE = YES_ERROR;
				GCC_WARN_UNDECLARED_SELECTOR = YES;
				GCC_WARN_UNINITIALIZED_AUTOS = YES_AGGRESSIVE;
				GCC_WARN_UNUSED_FUNCTION = YES;
				GCC_WARN_UNUSED_VARIABLE = YES;
				IPHONEOS_DEPLOYMENT_TARGET = 7.1;
				ONLY_ACTIVE_ARCH = YES;
				SDKROOT = iphoneos;
			};
			name = Debug;
		};
		92ED3F87190154200071D71D /* Release */ = {
			isa = XCBuildConfiguration;
			buildSettings = {
				ALWAYS_SEARCH_USER_PATHS = NO;
				CLANG_CXX_LANGUAGE_STANDARD = "gnu++0x";
				CLANG_CXX_LIBRARY = "libc++";
				CLANG_ENABLE_MODULES = YES;
				CLANG_ENABLE_OBJC_ARC = YES;
				CLANG_WARN_BOOL_CONVERSION = YES;
				CLANG_WARN_CONSTANT_CONVERSION = YES;
				CLANG_WARN_DIRECT_OBJC_ISA_USAGE = YES_ERROR;
				CLANG_WARN_EMPTY_BODY = YES;
				CLANG_WARN_ENUM_CONVERSION = YES;
				CLANG_WARN_INT_CONVERSION = YES;
				CLANG_WARN_OBJC_ROOT_CLASS = YES_ERROR;
				CLANG_WARN__DUPLICATE_METHOD_MATCH = YES;
				"CODE_SIGN_IDENTITY[sdk=iphoneos*]" = "iPhone Developer";
				COPY_PHASE_STRIP = YES;
				ENABLE_NS_ASSERTIONS = NO;
				GCC_C_LANGUAGE_STANDARD = gnu99;
				GCC_WARN_64_TO_32_BIT_CONVERSION = YES;
				GCC_WARN_ABOUT_RETURN_TYPE = YES_ERROR;
				GCC_WARN_UNDECLARED_SELECTOR = YES;
				GCC_WARN_UNINITIALIZED_AUTOS = YES_AGGRESSIVE;
				GCC_WARN_UNUSED_FUNCTION = YES;
				GCC_WARN_UNUSED_VARIABLE = YES;
				IPHONEOS_DEPLOYMENT_TARGET = 7.1;
				SDKROOT = iphoneos;
				VALIDATE_PRODUCT = YES;
			};
			name = Release;
		};
		92ED3F89190154200071D71D /* Debug */ = {
			isa = XCBuildConfiguration;
			buildSettings = {
				ASSETCATALOG_COMPILER_APPICON_NAME = AppIcon;
				ASSETCATALOG_COMPILER_LAUNCHIMAGE_NAME = LaunchImage;
				GCC_PRECOMPILE_PREFIX_HEADER = YES;
				GCC_PREFIX_HEADER = "TestApp/TestApp-Prefix.pch";
				INFOPLIST_FILE = "TestApp/TestApp-Info.plist";
				PRODUCT_NAME = "$(TARGET_NAME)";
				WRAPPER_EXTENSION = app;
			};
			name = Debug;
		};
		92ED3F8A190154200071D71D /* Release */ = {
			isa = XCBuildConfiguration;
			buildSettings = {
				ASSETCATALOG_COMPILER_APPICON_NAME = AppIcon;
				ASSETCATALOG_COMPILER_LAUNCHIMAGE_NAME = LaunchImage;
				GCC_PRECOMPILE_PREFIX_HEADER = YES;
				GCC_PREFIX_HEADER = "TestApp/TestApp-Prefix.pch";
				INFOPLIST_FILE = "TestApp/TestApp-Info.plist";
				PRODUCT_NAME = "$(TARGET_NAME)";
				WRAPPER_EXTENSION = app;
			};
			name = Release;
		};
		92ED3F8C190154200071D71D /* Debug */ = {
			isa = XCBuildConfiguration;
			buildSettings = {
				BUNDLE_LOADER = "$(BUILT_PRODUCTS_DIR)/TestApp.app/TestApp";
				FRAMEWORK_SEARCH_PATHS = (
					"$(SDKROOT)/Developer/Library/Frameworks",
					"$(inherited)",
					"$(DEVELOPER_FRAMEWORKS_DIR)",
				);
				GCC_PRECOMPILE_PREFIX_HEADER = YES;
				GCC_PREFIX_HEADER = "TestApp/TestApp-Prefix.pch";
				GCC_PREPROCESSOR_DEFINITIONS = (
					"DEBUG=1",
					"$(inherited)",
				);
				INFOPLIST_FILE = "TestAppTests/TestAppTests-Info.plist";
				PRODUCT_NAME = "$(TARGET_NAME)";
				TEST_HOST = "$(BUNDLE_LOADER)";
				WRAPPER_EXTENSION = xctest;
			};
			name = Debug;
		};
		92ED3F8D190154200071D71D /* Release */ = {
			isa = XCBuildConfiguration;
			buildSettings = {
				BUNDLE_LOADER = "$(BUILT_PRODUCTS_DIR)/TestApp.app/TestApp";
				FRAMEWORK_SEARCH_PATHS = (
					"$(SDKROOT)/Developer/Library/Frameworks",
					"$(inherited)",
					"$(DEVELOPER_FRAMEWORKS_DIR)",
				);
				GCC_PRECOMPILE_PREFIX_HEADER = YES;
				GCC_PREFIX_HEADER = "TestApp/TestApp-Prefix.pch";
				INFOPLIST_FILE = "TestAppTests/TestAppTests-Info.plist";
				PRODUCT_NAME = "$(TARGET_NAME)";
				TEST_HOST = "$(BUNDLE_LOADER)";
				WRAPPER_EXTENSION = xctest;
			};
			name = Release;
		};
/* End XCBuildConfiguration section */

/* Begin XCConfigurationList section */
		92ED3F51190154200071D71D /* Build configuration list for PBXProject "TestApp" */ = {
			isa = XCConfigurationList;
			buildConfigurations = (
				92ED3F86190154200071D71D /* Debug */,
				92ED3F87190154200071D71D /* Release */,
			);
			defaultConfigurationIsVisible = 0;
			defaultConfigurationName = Release;
		};
		92ED3F88190154200071D71D /* Build configuration list for PBXNativeTarget "TestApp" */ = {
			isa = XCConfigurationList;
			buildConfigurations = (
				92ED3F89190154200071D71D /* Debug */,
				92ED3F8A190154200071D71D /* Release */,
			);
			defaultConfigurationIsVisible = 0;
		};
		92ED3F8B190154200071D71D /* Build configuration list for PBXNativeTarget "TestAppTests" */ = {
			isa = XCConfigurationList;
			buildConfigurations = (
				92ED3F8C190154200071D71D /* Debug */,
				92ED3F8D190154200071D71D /* Release */,
			);
			defaultConfigurationIsVisible = 0;
		};
/* End XCConfigurationList section */
	};
	rootObject = 92ED3F4E190154200071D71D /* Project object */;
}
